
Microsoft Visual Studio Solution File, Format Version 12.00
# Visual Studio Version 16
VisualStudioVersion = 16.0.32228.343
MinimumVisualStudioVersion = 10.0.40219.1
Project("{FAE04EC0-301F-11D3-BF4B-00C04F79EFBC}") = "ExamPrep", "ExamPrep\ExamPrep.csproj", "{FBE37A0A-11E0-48F9-A586-C683C20894B1}"
EndProject
Project("{FAE04EC0-301F-11D3-BF4B-00C04F79EFBC}") = "TheBattleOfTheFiveArmies", "TheBattleOfTheFiveArmies\TheBattleOfTheFiveArmies.csproj", "{BB23066B-FBAC-4AD6-A68F-A24EE0006178}"
EndProject
Global
	GlobalSection(SolutionConfigurationPlatforms) = preSolution
		Debug|Any CPU = Debug|Any CPU
		Release|Any CPU = Release|Any CPU
	EndGlobalSection
	GlobalSection(ProjectConfigurationPlatforms) = postSolution
		{FBE37A0A-11E0-48F9-A586-C683C20894B1}.Debug|Any CPU.ActiveCfg = Debug|Any CPU
		{FBE37A0A-11E0-48F9-A586-C683C20894B1}.Debug|Any CPU.Build.0 = Debug|Any CPU
		{FBE37A0A-11E0-48F9-A586-C683C20894B1}.Release|Any CPU.ActiveCfg = Release|Any CPU
		{FBE37A0A-11E0-48F9-A586-C683C20894B1}.Release|Any CPU.Build.0 = Release|Any CPU
		{BB23066B-FBAC-4AD6-A68F-A24EE0006178}.Debug|Any CPU.ActiveCfg = Debug|Any CPU
		{BB23066B-FBAC-4AD6-A68F-A24EE0006178}.Debug|Any CPU.Build.0 = Debug|Any CPU
		{BB23066B-FBAC-4AD6-A68F-A24EE0006178}.Release|Any CPU.ActiveCfg = Release|Any CPU
		{BB23066B-FBAC-4AD6-A68F-A24EE0006178}.Release|Any CPU.Build.0 = Release|Any CPU
	EndGlobalSection
	GlobalSection(SolutionProperties) = preSolution
		HideSolutionNode = FALSE
	EndGlobalSection
	GlobalSection(ExtensibilityGlobals) = postSolution
		SolutionGuid = {85500FDD-E309-47BC-ADED-DEB705815A02}
	EndGlobalSection
EndGlobal
