
Microsoft Visual Studio Solution File, Format Version 12.00
# Visual Studio Version 16
VisualStudioVersion = 16.0.32228.343
MinimumVisualStudioVersion = 10.0.40219.1
Project("{FAE04EC0-301F-11D3-BF4B-00C04F79EFBC}") = "BasicAlgorithms", "BasicAlgorithms\BasicAlgorithms.csproj", "{D7653B5D-414B-4562-B3DB-21BFD4E50B7E}"
EndProject
Project("{FAE04EC0-301F-11D3-BF4B-00C04F79EFBC}") = "RecursiveFactoriel", "RecursiveFactoriel\RecursiveFactoriel.csproj", "{1B1A1540-7A98-4164-93B8-1D35DAFA5415}"
EndProject
Project("{FAE04EC0-301F-11D3-BF4B-00C04F79EFBC}") = "SumOfCoins", "SumOfCoins\SumOfCoins.csproj", "{0FD9CACA-6B6B-4E6C-9988-A63B285F2873}"
EndProject
Project("{FAE04EC0-301F-11D3-BF4B-00C04F79EFBC}") = "SetCover", "SetCover\SetCover.csproj", "{4E8A93CD-D3E4-4F0E-8214-E64B9F945AAA}"
EndProject
Global
	GlobalSection(SolutionConfigurationPlatforms) = preSolution
		Debug|Any CPU = Debug|Any CPU
		Release|Any CPU = Release|Any CPU
	EndGlobalSection
	GlobalSection(ProjectConfigurationPlatforms) = postSolution
		{D7653B5D-414B-4562-B3DB-21BFD4E50B7E}.Debug|Any CPU.ActiveCfg = Debug|Any CPU
		{D7653B5D-414B-4562-B3DB-21BFD4E50B7E}.Debug|Any CPU.Build.0 = Debug|Any CPU
		{D7653B5D-414B-4562-B3DB-21BFD4E50B7E}.Release|Any CPU.ActiveCfg = Release|Any CPU
		{D7653B5D-414B-4562-B3DB-21BFD4E50B7E}.Release|Any CPU.Build.0 = Release|Any CPU
		{1B1A1540-7A98-4164-93B8-1D35DAFA5415}.Debug|Any CPU.ActiveCfg = Debug|Any CPU
		{1B1A1540-7A98-4164-93B8-1D35DAFA5415}.Debug|Any CPU.Build.0 = Debug|Any CPU
		{1B1A1540-7A98-4164-93B8-1D35DAFA5415}.Release|Any CPU.ActiveCfg = Release|Any CPU
		{1B1A1540-7A98-4164-93B8-1D35DAFA5415}.Release|Any CPU.Build.0 = Release|Any CPU
		{0FD9CACA-6B6B-4E6C-9988-A63B285F2873}.Debug|Any CPU.ActiveCfg = Debug|Any CPU
		{0FD9CACA-6B6B-4E6C-9988-A63B285F2873}.Debug|Any CPU.Build.0 = Debug|Any CPU
		{0FD9CACA-6B6B-4E6C-9988-A63B285F2873}.Release|Any CPU.ActiveCfg = Release|Any CPU
		{0FD9CACA-6B6B-4E6C-9988-A63B285F2873}.Release|Any CPU.Build.0 = Release|Any CPU
		{4E8A93CD-D3E4-4F0E-8214-E64B9F945AAA}.Debug|Any CPU.ActiveCfg = Debug|Any CPU
		{4E8A93CD-D3E4-4F0E-8214-E64B9F945AAA}.Debug|Any CPU.Build.0 = Debug|Any CPU
		{4E8A93CD-D3E4-4F0E-8214-E64B9F945AAA}.Release|Any CPU.ActiveCfg = Release|Any CPU
		{4E8A93CD-D3E4-4F0E-8214-E64B9F945AAA}.Release|Any CPU.Build.0 = Release|Any CPU
	EndGlobalSection
	GlobalSection(SolutionProperties) = preSolution
		HideSolutionNode = FALSE
	EndGlobalSection
	GlobalSection(ExtensibilityGlobals) = postSolution
		SolutionGuid = {F022D688-4759-45AC-AFC8-AFD45A0FDE29}
	EndGlobalSection
EndGlobal
