
Microsoft Visual Studio Solution File, Format Version 12.00
# Visual Studio Version 16
VisualStudioVersion = 16.0.32602.291
MinimumVisualStudioVersion = 10.0.40219.1
Project("{9A19103F-16F7-4668-BE54-9A1E7A4F7556}") = "AnotherExamPrep", "AnotherExamPrep\AnotherExamPrep.csproj", "{A89225A8-AD42-428D-AEBC-37BF6EB328FD}"
EndProject
Project("{9A19103F-16F7-4668-BE54-9A1E7A4F7556}") = "MasterChef", "MasterChef\MasterChef.csproj", "{984D792D-A108-43C4-BE13-00F5BC8DDAD0}"
EndProject
Project("{9A19103F-16F7-4668-BE54-9A1E7A4F7556}") = "SkiRental", "SkiRental\SkiRental.csproj", "{A3266887-AFE4-491D-98B1-D97E9D9D6A2C}"
EndProject
Global
	GlobalSection(SolutionConfigurationPlatforms) = preSolution
		Debug|Any CPU = Debug|Any CPU
		Release|Any CPU = Release|Any CPU
	EndGlobalSection
	GlobalSection(ProjectConfigurationPlatforms) = postSolution
		{A89225A8-AD42-428D-AEBC-37BF6EB328FD}.Debug|Any CPU.ActiveCfg = Debug|Any CPU
		{A89225A8-AD42-428D-AEBC-37BF6EB328FD}.Debug|Any CPU.Build.0 = Debug|Any CPU
		{A89225A8-AD42-428D-AEBC-37BF6EB328FD}.Release|Any CPU.ActiveCfg = Release|Any CPU
		{A89225A8-AD42-428D-AEBC-37BF6EB328FD}.Release|Any CPU.Build.0 = Release|Any CPU
		{984D792D-A108-43C4-BE13-00F5BC8DDAD0}.Debug|Any CPU.ActiveCfg = Debug|Any CPU
		{984D792D-A108-43C4-BE13-00F5BC8DDAD0}.Debug|Any CPU.Build.0 = Debug|Any CPU
		{984D792D-A108-43C4-BE13-00F5BC8DDAD0}.Release|Any CPU.ActiveCfg = Release|Any CPU
		{984D792D-A108-43C4-BE13-00F5BC8DDAD0}.Release|Any CPU.Build.0 = Release|Any CPU
		{A3266887-AFE4-491D-98B1-D97E9D9D6A2C}.Debug|Any CPU.ActiveCfg = Debug|Any CPU
		{A3266887-AFE4-491D-98B1-D97E9D9D6A2C}.Debug|Any CPU.Build.0 = Debug|Any CPU
		{A3266887-AFE4-491D-98B1-D97E9D9D6A2C}.Release|Any CPU.ActiveCfg = Release|Any CPU
		{A3266887-AFE4-491D-98B1-D97E9D9D6A2C}.Release|Any CPU.Build.0 = Release|Any CPU
	EndGlobalSection
	GlobalSection(SolutionProperties) = preSolution
		HideSolutionNode = FALSE
	EndGlobalSection
	GlobalSection(ExtensibilityGlobals) = postSolution
		SolutionGuid = {2BEFCDB8-845B-46F2-BA23-CC03BC021B22}
	EndGlobalSection
EndGlobal
